
Microsoft Visual Studio Solution File, Format Version 12.00
# Visual Studio Version 16
VisualStudioVersion = 16.0.31229.75
MinimumVisualStudioVersion = 10.0.40219.1
Project("{FAE04EC0-301F-11D3-BF4B-00C04F79EFBC}") = "DocApp3", "DocApp3\DocApp3.csproj", "{AFD152CD-D219-49BA-A954-067B731BF689}"
EndProject
Global
	GlobalSection(SolutionConfigurationPlatforms) = preSolution
		Debug|Any CPU = Debug|Any CPU
		Release|Any CPU = Release|Any CPU
	EndGlobalSection
	GlobalSection(ProjectConfigurationPlatforms) = postSolution
		{AFD152CD-D219-49BA-A954-067B731BF689}.Debug|Any CPU.ActiveCfg = Debug|Any CPU
		{AFD152CD-D219-49BA-A954-067B731BF689}.Debug|Any CPU.Build.0 = Debug|Any CPU
		{AFD152CD-D219-49BA-A954-067B731BF689}.Release|Any CPU.ActiveCfg = Release|Any CPU
		{AFD152CD-D219-49BA-A954-067B731BF689}.Release|Any CPU.Build.0 = Release|Any CPU
	EndGlobalSection
	GlobalSection(SolutionProperties) = preSolution
		HideSolutionNode = FALSE
	EndGlobalSection
	GlobalSection(ExtensibilityGlobals) = postSolution
		SolutionGuid = {0C7870C4-1846-4E5E-A595-3870DA9C27AE}
	EndGlobalSection
EndGlobal
