
Microsoft Visual Studio Solution File, Format Version 12.00
# Visual Studio Version 16
VisualStudioVersion = 16.0.31229.75
MinimumVisualStudioVersion = 10.0.40219.1
Project("{9A19103F-16F7-4668-BE54-9A1E7A4F7556}") = "DocApp1", "DocApp1\DocApp1.csproj", "{A36CD080-9269-415F-BC2B-0568743CD355}"
EndProject
Project("{FAE04EC0-301F-11D3-BF4B-00C04F79EFBC}") = "DocApp1.test", "DocApp1.test\DocApp1.test.csproj", "{0C70F06F-70EC-490C-A48D-DBE733EF8DDD}"
EndProject
Global
	GlobalSection(SolutionConfigurationPlatforms) = preSolution
		Debug|Any CPU = Debug|Any CPU
		Release|Any CPU = Release|Any CPU
	EndGlobalSection
	GlobalSection(ProjectConfigurationPlatforms) = postSolution
		{A36CD080-9269-415F-BC2B-0568743CD355}.Debug|Any CPU.ActiveCfg = Debug|Any CPU
		{A36CD080-9269-415F-BC2B-0568743CD355}.Debug|Any CPU.Build.0 = Debug|Any CPU
		{A36CD080-9269-415F-BC2B-0568743CD355}.Release|Any CPU.ActiveCfg = Release|Any CPU
		{A36CD080-9269-415F-BC2B-0568743CD355}.Release|Any CPU.Build.0 = Release|Any CPU
		{0C70F06F-70EC-490C-A48D-DBE733EF8DDD}.Debug|Any CPU.ActiveCfg = Debug|Any CPU
		{0C70F06F-70EC-490C-A48D-DBE733EF8DDD}.Debug|Any CPU.Build.0 = Debug|Any CPU
		{0C70F06F-70EC-490C-A48D-DBE733EF8DDD}.Release|Any CPU.ActiveCfg = Release|Any CPU
		{0C70F06F-70EC-490C-A48D-DBE733EF8DDD}.Release|Any CPU.Build.0 = Release|Any CPU
	EndGlobalSection
	GlobalSection(SolutionProperties) = preSolution
		HideSolutionNode = FALSE
	EndGlobalSection
	GlobalSection(ExtensibilityGlobals) = postSolution
		SolutionGuid = {267FA3C3-1BE6-4856-A46D-EA77F1202D29}
	EndGlobalSection
EndGlobal
